{
  "name": "axios-builder",
  "version": "1.1.2",
  "lockfileVersion": 2,
  "requires": true,
  "packages": {
    "": {
      "name": "axios-builder",
      "version": "1.1.2",
      "license": "MIT",
      "dependencies": {
        "axios": "^0.24.0",
        "axios-curlirize": "^2.0.0",
        "date-fns": "^2.25.0",
        "lodash": "^4.17.21"
      },
      "devDependencies": {
        "@types/axios-curlirize": "^1.3.2",
        "@types/date-fns": "^2.6.0",
        "@types/lodash": "^4.14.176",
        "typescript": "^4.4.4"
      }
    },
    "node_modules/@types/axios-curlirize": {
      "version": "1.3.2",
      "resolved": "https://registry.npmjs.org/@types/axios-curlirize/-/axios-curlirize-1.3.2.tgz",
      "integrity": "sha512-xbqWg8OtePxspEbhmCvu39zrpmSf+2nmTJwrGK8Fk5G/gbfeq5Y4phhIeb28Ud/4T0eDJwyip4kuLT/I851wxA==",
      "dev": true,
      "dependencies": {
        "axios": ">=0.19.0"
      }
    },
    "node_modules/@types/date-fns": {
      "version": "2.6.0",
      "resolved": "https://registry.npmjs.org/@types/date-fns/-/date-fns-2.6.0.tgz",
      "integrity": "sha1-sGLKRlYgApCb4MY6ZGftFzE2rME=",
      "deprecated": "This is a stub types definition for date-fns (https://github.com/date-fns/date-fns). date-fns provides its own type definitions, so you don't need @types/date-fns installed!",
      "dev": true,
      "dependencies": {
        "date-fns": "*"
      }
    },
    "node_modules/@types/lodash": {
      "version": "4.14.176",
      "resolved": "https://registry.npmjs.org/@types/lodash/-/lodash-4.14.176.tgz",
      "integrity": "sha512-xZmuPTa3rlZoIbtDUyJKZQimJV3bxCmzMIO2c9Pz9afyDro6kr7R79GwcB6mRhuoPmV2p1Vb66WOJH7F886WKQ==",
      "dev": true
    },
    "node_modules/axios": {
      "version": "0.24.0",
      "resolved": "https://registry.npmjs.org/axios/-/axios-0.24.0.tgz",
      "integrity": "sha512-Q6cWsys88HoPgAaFAVUb0WpPk0O8iTeisR9IMqy9G8AbO4NlpVknrnQS03zzF9PGAWgO3cgletO3VjV/P7VztA==",
      "dependencies": {
        "follow-redirects": "^1.14.4"
      }
    },
    "node_modules/axios-curlirize": {
      "version": "2.0.0",
      "resolved": "https://registry.npmjs.org/axios-curlirize/-/axios-curlirize-2.0.0.tgz",
      "integrity": "sha512-TrQBa8MfIwaYsrCoYhfCr7NDRXLuGm+Rqh/PtAuO64b8PCCOJWn37BWQvpN4/mzzig3uHb4qXzvpxJmALHaiwA=="
    },
    "node_modules/date-fns": {
      "version": "2.25.0",
      "resolved": "https://registry.npmjs.org/date-fns/-/date-fns-2.25.0.tgz",
      "integrity": "sha512-ovYRFnTrbGPD4nqaEqescPEv1mNwvt+UTqI3Ay9SzNtey9NZnYu6E2qCcBBgJ6/2VF1zGGygpyTDITqpQQ5e+w==",
      "engines": {
        "node": ">=0.11"
      },
      "funding": {
        "type": "opencollective",
        "url": "https://opencollective.com/date-fns"
      }
    },
    "node_modules/follow-redirects": {
      "version": "1.14.5",
      "resolved": "https://registry.npmjs.org/follow-redirects/-/follow-redirects-1.14.5.tgz",
      "integrity": "sha512-wtphSXy7d4/OR+MvIFbCVBDzZ5520qV8XfPklSN5QtxuMUJZ+b0Wnst1e1lCDocfzuCkHqj8k0FpZqO+UIaKNA==",
      "funding": [
        {
          "type": "individual",
          "url": "https://github.com/sponsors/RubenVerborgh"
        }
      ],
      "engines": {
        "node": ">=4.0"
      },
      "peerDependenciesMeta": {
        "debug": {
          "optional": true
        }
      }
    },
    "node_modules/lodash": {
      "version": "4.17.21",
      "resolved": "https://registry.npmjs.org/lodash/-/lodash-4.17.21.tgz",
      "integrity": "sha512-v2kDEe57lecTulaDIuNTPy3Ry4gLGJ6Z1O3vE1krgXZNrsQ+LFTGHVxVjcXPs17LhbZVGedAJv8XZ1tvj5FvSg=="
    },
    "node_modules/typescript": {
      "version": "4.4.4",
      "resolved": "https://registry.npmjs.org/typescript/-/typescript-4.4.4.tgz",
      "integrity": "sha512-DqGhF5IKoBl8WNf8C1gu8q0xZSInh9j1kJJMqT3a94w1JzVaBU4EXOSMrz9yDqMT0xt3selp83fuFMQ0uzv6qA==",
      "dev": true,
      "bin": {
        "tsc": "bin/tsc",
        "tsserver": "bin/tsserver"
      },
      "engines": {
        "node": ">=4.2.0"
      }
    }
  },
  "dependencies": {
    "@types/axios-curlirize": {
      "version": "1.3.2",
      "resolved": "https://registry.npmjs.org/@types/axios-curlirize/-/axios-curlirize-1.3.2.tgz",
      "integrity": "sha512-xbqWg8OtePxspEbhmCvu39zrpmSf+2nmTJwrGK8Fk5G/gbfeq5Y4phhIeb28Ud/4T0eDJwyip4kuLT/I851wxA==",
      "dev": true,
      "requires": {
        "axios": ">=0.19.0"
      }
    },
    "@types/date-fns": {
      "version": "2.6.0",
      "resolved": "https://registry.npmjs.org/@types/date-fns/-/date-fns-2.6.0.tgz",
      "integrity": "sha1-sGLKRlYgApCb4MY6ZGftFzE2rME=",
      "dev": true,
      "requires": {
        "date-fns": "*"
      }
    },
    "@types/lodash": {
      "version": "4.14.176",
      "resolved": "https://registry.npmjs.org/@types/lodash/-/lodash-4.14.176.tgz",
      "integrity": "sha512-xZmuPTa3rlZoIbtDUyJKZQimJV3bxCmzMIO2c9Pz9afyDro6kr7R79GwcB6mRhuoPmV2p1Vb66WOJH7F886WKQ==",
      "dev": true
    },
    "axios": {
      "version": "0.24.0",
      "resolved": "https://registry.npmjs.org/axios/-/axios-0.24.0.tgz",
      "integrity": "sha512-Q6cWsys88HoPgAaFAVUb0WpPk0O8iTeisR9IMqy9G8AbO4NlpVknrnQS03zzF9PGAWgO3cgletO3VjV/P7VztA==",
      "requires": {
        "follow-redirects": "^1.14.4"
      }
    },
    "axios-curlirize": {
      "version": "2.0.0",
      "resolved": "https://registry.npmjs.org/axios-curlirize/-/axios-curlirize-2.0.0.tgz",
      "integrity": "sha512-TrQBa8MfIwaYsrCoYhfCr7NDRXLuGm+Rqh/PtAuO64b8PCCOJWn37BWQvpN4/mzzig3uHb4qXzvpxJmALHaiwA=="
    },
    "date-fns": {
      "version": "2.25.0",
      "resolved": "https://registry.npmjs.org/date-fns/-/date-fns-2.25.0.tgz",
      "integrity": "sha512-ovYRFnTrbGPD4nqaEqescPEv1mNwvt+UTqI3Ay9SzNtey9NZnYu6E2qCcBBgJ6/2VF1zGGygpyTDITqpQQ5e+w=="
    },
    "follow-redirects": {
      "version": "1.14.5",
      "resolved": "https://registry.npmjs.org/follow-redirects/-/follow-redirects-1.14.5.tgz",
      "integrity": "sha512-wtphSXy7d4/OR+MvIFbCVBDzZ5520qV8XfPklSN5QtxuMUJZ+b0Wnst1e1lCDocfzuCkHqj8k0FpZqO+UIaKNA=="
    },
    "lodash": {
      "version": "4.17.21",
      "resolved": "https://registry.npmjs.org/lodash/-/lodash-4.17.21.tgz",
      "integrity": "sha512-v2kDEe57lecTulaDIuNTPy3Ry4gLGJ6Z1O3vE1krgXZNrsQ+LFTGHVxVjcXPs17LhbZVGedAJv8XZ1tvj5FvSg=="
    },
    "typescript": {
      "version": "4.4.4",
      "resolved": "https://registry.npmjs.org/typescript/-/typescript-4.4.4.tgz",
      "integrity": "sha512-DqGhF5IKoBl8WNf8C1gu8q0xZSInh9j1kJJMqT3a94w1JzVaBU4EXOSMrz9yDqMT0xt3selp83fuFMQ0uzv6qA==",
      "dev": true
    }
  }
}
